
Microsoft Visual Studio Solution File, Format Version 12.00
# Visual Studio Version 17
VisualStudioVersion = 17.7.34031.279
MinimumVisualStudioVersion = 10.0.40219.1
Project("{FAE04EC0-301F-11D3-BF4B-00C04F79EFBC}") = "ConsoleApp9", "ConsoleApp9\ConsoleApp9.csproj", "{DC9469CB-B019-4578-8E04-2199D6DF2FCF}"
EndProject
Global
	GlobalSection(SolutionConfigurationPlatforms) = preSolution
		Debug|Any CPU = Debug|Any CPU
		Release|Any CPU = Release|Any CPU
	EndGlobalSection
	GlobalSection(ProjectConfigurationPlatforms) = postSolution
		{DC9469CB-B019-4578-8E04-2199D6DF2FCF}.Debug|Any CPU.ActiveCfg = Debug|Any CPU
		{DC9469CB-B019-4578-8E04-2199D6DF2FCF}.Debug|Any CPU.Build.0 = Debug|Any CPU
		{DC9469CB-B019-4578-8E04-2199D6DF2FCF}.Release|Any CPU.ActiveCfg = Release|Any CPU
		{DC9469CB-B019-4578-8E04-2199D6DF2FCF}.Release|Any CPU.Build.0 = Release|Any CPU
	EndGlobalSection
	GlobalSection(SolutionProperties) = preSolution
		HideSolutionNode = FALSE
	EndGlobalSection
	GlobalSection(ExtensibilityGlobals) = postSolution
		SolutionGuid = {C2896695-8671-4FCE-BDF5-8301A108D350}
	EndGlobalSection
EndGlobal
